{
  "name": "@megob56/date-renderer",
  "version": "1.0.9",
  "lockfileVersion": 1,
  "requires": true,
  "dependencies": {
    "@megob56/date-logic": {
      "version": "1.0.9",
      "resolved": "https://npm.pkg.github.com/download/@megob56/date-logic/1.0.9/2dbeda03adf256bfafc737bb74fa42fcd16cd8eea53837514ebc60e6b58db216",
      "integrity": "sha512-jsfTRTToE7FRAh5vbtyAjl9uwGXPiHAT2b0m05jocsKUhzwpDkvAlRGbrkLB4SRtvlopGZdYXn5HoYkb57L1Ng=="
    }
  }
}
