{
  "name": "@megob56/date-renderer",
  "version": "1.0.8",
  "lockfileVersion": 1,
  "requires": true,
  "dependencies": {
    "@megob56/date-logic": {
      "version": "1.0.8",
      "resolved": "https://npm.pkg.github.com/download/@megob56/date-logic/1.0.8/b13a2eb9915e9f975324ec8300e1b6df48022a34eefc57e8c03019381543d853",
      "integrity": "sha512-mzWMBGzVbNR2mvFSUpcbMwYbi71GeIv0IC+dLE30GZE7vzMMopE8WrU5u4QiYMJ/ZxhCxGnCfIdCmnXSyV4skg=="
    }
  }
}
