{
  "name": "@megob56/date-renderer",
  "version": "1.0.8",
  "lockfileVersion": 1,
  "requires": true,
  "dependencies": {
    "@megob56/date-logic": {
      "version": "1.0.5",
      "resolved": "https://npm.pkg.github.com/download/@megob56/date-logic/1.0.5/a0907581adb8e6cbacfbb6e2a8d746c9255e1cdbc4a14171074cf269d41d499d",
      "integrity": "sha512-ecbj8VJpQn29/jWhY08cSNvmgDwPjoZ2Sa0RSWqpD+rHrwmcIFPJuRTBu7JKPjxC7dxlVEsYbeVsk4hF4mf+tQ=="
    }
  }
}
